Microsoft Visual Studio Solution File, Format Version 12.00
# Visual Studio Version 17
VisualStudioVersion = 17.5.2.0
MinimumVisualStudioVersion = 10.0.40219.1
Project("{FAE04EC0-301F-11D3-BF4B-00C04F79EFBC}") = "IPShop.Api", "IPShop.Api.csproj", "{5ED31E30-720F-C721-DA35-D8717A4E6D80}"
EndProject
Global
	GlobalSection(SolutionConfigurationPlatforms) = preSolution
		Debug|Any CPU = Debug|Any CPU
		Release|Any CPU = Release|Any CPU
	EndGlobalSection
	GlobalSection(ProjectConfigurationPlatforms) = postSolution
		{5ED31E30-720F-C721-DA35-D8717A4E6D80}.Debug|Any CPU.ActiveCfg = Debug|Any CPU
		{5ED31E30-720F-C721-DA35-D8717A4E6D80}.Debug|Any CPU.Build.0 = Debug|Any CPU
		{5ED31E30-720F-C721-DA35-D8717A4E6D80}.Release|Any CPU.ActiveCfg = Release|Any CPU
		{5ED31E30-720F-C721-DA35-D8717A4E6D80}.Release|Any CPU.Build.0 = Release|Any CPU
	EndGlobalSection
	GlobalSection(SolutionProperties) = preSolution
		HideSolutionNode = FALSE
	EndGlobalSection
	GlobalSection(ExtensibilityGlobals) = postSolution
		SolutionGuid = {FF3BC0BF-BC59-4242-946B-7825D5859ACE}
	EndGlobalSection
EndGlobal
